# This file is automatically @generated by Cargo.
# It is not intended for manual editing.
[[package]]
name = "crypto"
version = "0.1.0"

[[package]]
name = "device"
version = "0.1.0"

[[package]]
name = "api"
version = "0.1.0"

[[package]]
name = "mq"
version = "0.1.0"

[[package]]
name = "wallet"
version = "0.1.0"

